
Microsoft Visual Studio Solution File, Format Version 12.00
# Visual Studio Version 16
VisualStudioVersion = 16.0.31613.86
MinimumVisualStudioVersion = 10.0.40219.1
Project("{FAE04EC0-301F-11D3-BF4B-00C04F79EFBC}") = "ServerSide", "ServerSide\ServerSide.csproj", "{18BC3000-70A9-4175-9493-3E82C4C729EA}"
EndProject
Project("{FAE04EC0-301F-11D3-BF4B-00C04F79EFBC}") = "ClientSide", "ClientSide\ClientSide.csproj", "{55501421-8731-4AB7-AAC3-816D7F2531D4}"
EndProject
Global
	GlobalSection(SolutionConfigurationPlatforms) = preSolution
		Debug|Any CPU = Debug|Any CPU
		Release|Any CPU = Release|Any CPU
	EndGlobalSection
	GlobalSection(ProjectConfigurationPlatforms) = postSolution
		{18BC3000-70A9-4175-9493-3E82C4C729EA}.Debug|Any CPU.ActiveCfg = Debug|Any CPU
		{18BC3000-70A9-4175-9493-3E82C4C729EA}.Debug|Any CPU.Build.0 = Debug|Any CPU
		{18BC3000-70A9-4175-9493-3E82C4C729EA}.Release|Any CPU.ActiveCfg = Release|Any CPU
		{18BC3000-70A9-4175-9493-3E82C4C729EA}.Release|Any CPU.Build.0 = Release|Any CPU
		{55501421-8731-4AB7-AAC3-816D7F2531D4}.Debug|Any CPU.ActiveCfg = Debug|Any CPU
		{55501421-8731-4AB7-AAC3-816D7F2531D4}.Debug|Any CPU.Build.0 = Debug|Any CPU
		{55501421-8731-4AB7-AAC3-816D7F2531D4}.Release|Any CPU.ActiveCfg = Release|Any CPU
		{55501421-8731-4AB7-AAC3-816D7F2531D4}.Release|Any CPU.Build.0 = Release|Any CPU
	EndGlobalSection
	GlobalSection(SolutionProperties) = preSolution
		HideSolutionNode = FALSE
	EndGlobalSection
	GlobalSection(ExtensibilityGlobals) = postSolution
		SolutionGuid = {1E97BD12-3FC3-407B-867C-C31E87B2D8CC}
	EndGlobalSection
EndGlobal
